
Microsoft Visual Studio Solution File, Format Version 12.00
# Visual Studio Version 17
VisualStudioVersion = 17.10.35027.167
MinimumVisualStudioVersion = 10.0.40219.1
Project("{FAE04EC0-301F-11D3-BF4B-00C04F79EFBC}") = "AcademyApp.API", "AcademyApp.API\AcademyApp.API.csproj", "{EF6B80D2-C1C4-45C9-9AB9-9921CCD87741}"
EndProject
Project("{FAE04EC0-301F-11D3-BF4B-00C04F79EFBC}") = "AcademyApp.Application", "AcademyApp.Application\AcademyApp.Application.csproj", "{B4CF8DF7-D47D-4492-8063-6AA4B999EF85}"
EndProject
Project("{FAE04EC0-301F-11D3-BF4B-00C04F79EFBC}") = "AcademyApp.Core", "AcademyApp.Core\AcademyApp.Core.csproj", "{8375936F-680E-412B-89FB-9BB93C0F35C2}"
EndProject
Project("{FAE04EC0-301F-11D3-BF4B-00C04F79EFBC}") = "AcademyApp.DataAccess", "AcademyApp.DataAccess\AcademyApp.DataAccess.csproj", "{B52F0E52-320C-4199-A3E9-88C0FFEDF732}"
EndProject
Project("{FAE04EC0-301F-11D3-BF4B-00C04F79EFBC}") = "AcademyApp.Shared", "AcademyApp.Shared\AcademyApp.Shared.csproj", "{2D813040-310C-4CA5-B895-1C9C52A9D303}"
EndProject
Global
	GlobalSection(SolutionConfigurationPlatforms) = preSolution
		Debug|Any CPU = Debug|Any CPU
		Release|Any CPU = Release|Any CPU
	EndGlobalSection
	GlobalSection(ProjectConfigurationPlatforms) = postSolution
		{EF6B80D2-C1C4-45C9-9AB9-9921CCD87741}.Debug|Any CPU.ActiveCfg = Debug|Any CPU
		{EF6B80D2-C1C4-45C9-9AB9-9921CCD87741}.Debug|Any CPU.Build.0 = Debug|Any CPU
		{EF6B80D2-C1C4-45C9-9AB9-9921CCD87741}.Release|Any CPU.ActiveCfg = Release|Any CPU
		{EF6B80D2-C1C4-45C9-9AB9-9921CCD87741}.Release|Any CPU.Build.0 = Release|Any CPU
		{B4CF8DF7-D47D-4492-8063-6AA4B999EF85}.Debug|Any CPU.ActiveCfg = Debug|Any CPU
		{B4CF8DF7-D47D-4492-8063-6AA4B999EF85}.Debug|Any CPU.Build.0 = Debug|Any CPU
		{B4CF8DF7-D47D-4492-8063-6AA4B999EF85}.Release|Any CPU.ActiveCfg = Release|Any CPU
		{B4CF8DF7-D47D-4492-8063-6AA4B999EF85}.Release|Any CPU.Build.0 = Release|Any CPU
		{8375936F-680E-412B-89FB-9BB93C0F35C2}.Debug|Any CPU.ActiveCfg = Debug|Any CPU
		{8375936F-680E-412B-89FB-9BB93C0F35C2}.Debug|Any CPU.Build.0 = Debug|Any CPU
		{8375936F-680E-412B-89FB-9BB93C0F35C2}.Release|Any CPU.ActiveCfg = Release|Any CPU
		{8375936F-680E-412B-89FB-9BB93C0F35C2}.Release|Any CPU.Build.0 = Release|Any CPU
		{B52F0E52-320C-4199-A3E9-88C0FFEDF732}.Debug|Any CPU.ActiveCfg = Debug|Any CPU
		{B52F0E52-320C-4199-A3E9-88C0FFEDF732}.Debug|Any CPU.Build.0 = Debug|Any CPU
		{B52F0E52-320C-4199-A3E9-88C0FFEDF732}.Release|Any CPU.ActiveCfg = Release|Any CPU
		{B52F0E52-320C-4199-A3E9-88C0FFEDF732}.Release|Any CPU.Build.0 = Release|Any CPU
		{2D813040-310C-4CA5-B895-1C9C52A9D303}.Debug|Any CPU.ActiveCfg = Debug|Any CPU
		{2D813040-310C-4CA5-B895-1C9C52A9D303}.Debug|Any CPU.Build.0 = Debug|Any CPU
		{2D813040-310C-4CA5-B895-1C9C52A9D303}.Release|Any CPU.ActiveCfg = Release|Any CPU
		{2D813040-310C-4CA5-B895-1C9C52A9D303}.Release|Any CPU.Build.0 = Release|Any CPU
	EndGlobalSection
	GlobalSection(SolutionProperties) = preSolution
		HideSolutionNode = FALSE
	EndGlobalSection
	GlobalSection(ExtensibilityGlobals) = postSolution
		SolutionGuid = {81A1AA33-235B-48E7-8CFE-BA03EADCD6A2}
	EndGlobalSection
EndGlobal
